
Microsoft Visual Studio Solution File, Format Version 12.00
# Visual Studio Version 17
VisualStudioVersion = 17.8.34112.27
MinimumVisualStudioVersion = 10.0.40219.1
Project("{9A19103F-16F7-4668-BE54-9A1E7A4F7556}") = "AuthenticationAPI", "Auth\AuthenticationAPI.csproj", "{BA4B0F3D-FD86-422E-A5A7-55C340169BD6}"
EndProject
Project("{9A19103F-16F7-4668-BE54-9A1E7A4F7556}") = "TasksAPI", "Tasks\TasksAPI.csproj", "{D0404461-F241-48AF-8F49-5367FF345213}"
EndProject
Project("{9A19103F-16F7-4668-BE54-9A1E7A4F7556}") = "Gateway", "RootAPI\Gateway.csproj", "{80A3B984-B814-4C72-A2A5-835BAB51BC28}"
EndProject
Project("{9A19103F-16F7-4668-BE54-9A1E7A4F7556}") = "EmployeeAPI", "Employee\EmployeeAPI.csproj", "{93039474-337E-48C2-9C2E-BED04B95B136}"
EndProject
Global
	GlobalSection(SolutionConfigurationPlatforms) = preSolution
		Debug|Any CPU = Debug|Any CPU
		Release|Any CPU = Release|Any CPU
	EndGlobalSection
	GlobalSection(ProjectConfigurationPlatforms) = postSolution
		{BA4B0F3D-FD86-422E-A5A7-55C340169BD6}.Debug|Any CPU.ActiveCfg = Debug|Any CPU
		{BA4B0F3D-FD86-422E-A5A7-55C340169BD6}.Debug|Any CPU.Build.0 = Debug|Any CPU
		{BA4B0F3D-FD86-422E-A5A7-55C340169BD6}.Release|Any CPU.ActiveCfg = Release|Any CPU
		{BA4B0F3D-FD86-422E-A5A7-55C340169BD6}.Release|Any CPU.Build.0 = Release|Any CPU
		{D0404461-F241-48AF-8F49-5367FF345213}.Debug|Any CPU.ActiveCfg = Debug|Any CPU
		{D0404461-F241-48AF-8F49-5367FF345213}.Debug|Any CPU.Build.0 = Debug|Any CPU
		{D0404461-F241-48AF-8F49-5367FF345213}.Release|Any CPU.ActiveCfg = Release|Any CPU
		{D0404461-F241-48AF-8F49-5367FF345213}.Release|Any CPU.Build.0 = Release|Any CPU
		{80A3B984-B814-4C72-A2A5-835BAB51BC28}.Debug|Any CPU.ActiveCfg = Debug|Any CPU
		{80A3B984-B814-4C72-A2A5-835BAB51BC28}.Debug|Any CPU.Build.0 = Debug|Any CPU
		{80A3B984-B814-4C72-A2A5-835BAB51BC28}.Release|Any CPU.ActiveCfg = Release|Any CPU
		{80A3B984-B814-4C72-A2A5-835BAB51BC28}.Release|Any CPU.Build.0 = Release|Any CPU
		{93039474-337E-48C2-9C2E-BED04B95B136}.Debug|Any CPU.ActiveCfg = Debug|Any CPU
		{93039474-337E-48C2-9C2E-BED04B95B136}.Debug|Any CPU.Build.0 = Debug|Any CPU
		{93039474-337E-48C2-9C2E-BED04B95B136}.Release|Any CPU.ActiveCfg = Release|Any CPU
		{93039474-337E-48C2-9C2E-BED04B95B136}.Release|Any CPU.Build.0 = Release|Any CPU
	EndGlobalSection
	GlobalSection(SolutionProperties) = preSolution
		HideSolutionNode = FALSE
	EndGlobalSection
	GlobalSection(ExtensibilityGlobals) = postSolution
		SolutionGuid = {711F539A-A55F-44E2-99C6-05046217CC69}
	EndGlobalSection
EndGlobal
